
Microsoft Visual Studio Solution File, Format Version 12.00
# Visual Studio Version 16
VisualStudioVersion = 16.0.29326.143
MinimumVisualStudioVersion = 10.0.40219.1
Project("{FAE04EC0-301F-11D3-BF4B-00C04F79EFBC}") = "WebApplication", "WebApplication\WebApplication.csproj", "{305BCB91-3467-45CC-8755-94D5ACB089CE}"
EndProject
Global
	GlobalSection(SolutionConfigurationPlatforms) = preSolution
		Debug|Any CPU = Debug|Any CPU
		Release|Any CPU = Release|Any CPU
	EndGlobalSection
	GlobalSection(ProjectConfigurationPlatforms) = postSolution
		{305BCB91-3467-45CC-8755-94D5ACB089CE}.Debug|Any CPU.ActiveCfg = Debug|Any CPU
		{305BCB91-3467-45CC-8755-94D5ACB089CE}.Debug|Any CPU.Build.0 = Debug|Any CPU
		{305BCB91-3467-45CC-8755-94D5ACB089CE}.Release|Any CPU.ActiveCfg = Release|Any CPU
		{305BCB91-3467-45CC-8755-94D5ACB089CE}.Release|Any CPU.Build.0 = Release|Any CPU
	EndGlobalSection
	GlobalSection(SolutionProperties) = preSolution
		HideSolutionNode = FALSE
	EndGlobalSection
	GlobalSection(ExtensibilityGlobals) = postSolution
		SolutionGuid = {967DE521-CB36-4F56-8D3F-1DFC38ADC22E}
	EndGlobalSection
EndGlobal
